
Microsoft Visual Studio Solution File, Format Version 12.00
# Visual Studio Version 16
VisualStudioVersion = 16.0.29920.165
MinimumVisualStudioVersion = 10.0.40219.1
Project("{8BC9CEB8-8B4A-11D0-8D11-00A0C91BC942}") = "ASP", "ASP\ASP.vcxproj", "{1EB676DB-99D9-40A7-BAF3-5B407D15CBBA}"
EndProject
Project("{8BC9CEB8-8B4A-11D0-8D11-00A0C91BC942}") = "ASP.Test", "ASP.Test\ASP.Test.vcxproj", "{51CCD16B-F36E-4435-9BDC-9811691E27BD}"
EndProject
Global
	GlobalSection(SolutionConfigurationPlatforms) = preSolution
		Debug|x64 = Debug|x64
		Debug|x86 = Debug|x86
		Release|x64 = Release|x64
		Release|x86 = Release|x86
	EndGlobalSection
	GlobalSection(ProjectConfigurationPlatforms) = postSolution
		{1EB676DB-99D9-40A7-BAF3-5B407D15CBBA}.Debug|x64.ActiveCfg = Debug|x64
		{1EB676DB-99D9-40A7-BAF3-5B407D15CBBA}.Debug|x64.Build.0 = Debug|x64
		{1EB676DB-99D9-40A7-BAF3-5B407D15CBBA}.Debug|x86.ActiveCfg = Debug|Win32
		{1EB676DB-99D9-40A7-BAF3-5B407D15CBBA}.Debug|x86.Build.0 = Debug|Win32
		{1EB676DB-99D9-40A7-BAF3-5B407D15CBBA}.Release|x64.ActiveCfg = Release|x64
		{1EB676DB-99D9-40A7-BAF3-5B407D15CBBA}.Release|x64.Build.0 = Release|x64
		{1EB676DB-99D9-40A7-BAF3-5B407D15CBBA}.Release|x86.ActiveCfg = Release|Win32
		{1EB676DB-99D9-40A7-BAF3-5B407D15CBBA}.Release|x86.Build.0 = Release|Win32
		{51CCD16B-F36E-4435-9BDC-9811691E27BD}.Debug|x64.ActiveCfg = Debug|x64
		{51CCD16B-F36E-4435-9BDC-9811691E27BD}.Debug|x64.Build.0 = Debug|x64
		{51CCD16B-F36E-4435-9BDC-9811691E27BD}.Debug|x86.ActiveCfg = Debug|Win32
		{51CCD16B-F36E-4435-9BDC-9811691E27BD}.Debug|x86.Build.0 = Debug|Win32
		{51CCD16B-F36E-4435-9BDC-9811691E27BD}.Release|x64.ActiveCfg = Release|x64
		{51CCD16B-F36E-4435-9BDC-9811691E27BD}.Release|x64.Build.0 = Release|x64
		{51CCD16B-F36E-4435-9BDC-9811691E27BD}.Release|x86.ActiveCfg = Release|Win32
		{51CCD16B-F36E-4435-9BDC-9811691E27BD}.Release|x86.Build.0 = Release|Win32
	EndGlobalSection
	GlobalSection(SolutionProperties) = preSolution
		HideSolutionNode = FALSE
	EndGlobalSection
	GlobalSection(ExtensibilityGlobals) = postSolution
		SolutionGuid = {18244ADE-3AAE-4865-93D1-6F4EE62DC7AD}
	EndGlobalSection
EndGlobal
