<?xml version="1.0" encoding="utf-8"?>
<Project ToolsVersion="4.0" xmlns="http://schemas.microsoft.com/developer/msbuild/2003">
  <ItemGroup>
    <Filter Include="Source Files">
      <UniqueIdentifier>{4FC737F1-C7A5-4376-A066-2A32D752A2FF}</UniqueIdentifier>
      <Extensions>cpp;c;cc;cxx;c++;cppm;ixx;def;odl;idl;hpj;bat;asm;asmx</Extensions>
    </Filter>
    <Filter Include="Header Files">
      <UniqueIdentifier>{93995380-89BD-4b04-88EB-625FBE52EBFB}</UniqueIdentifier>
      <Extensions>h;hh;hpp;hxx;h++;hm;inl;inc;ipp;xsd</Extensions>
    </Filter>
    <Filter Include="Resource Files">
      <UniqueIdentifier>{67DA6AB6-F800-4c08-8B7A-83BB121AAD01}</UniqueIdentifier>
      <Extensions>rc;ico;cur;bmp;dlg;rc2;rct;bin;rgs;gif;jpg;jpeg;jpe;resx;tiff;tif;png;wav;mfcribbon-ms</Extensions>
    </Filter>
    <Filter Include="Source Files\List">
      <UniqueIdentifier>{bf269e43-cfe0-44b5-875e-74e4c9c0628f}</UniqueIdentifier>
    </Filter>
    <Filter Include="Source Files\Stack">
      <UniqueIdentifier>{9d4a31cd-d7c3-465f-9157-75289d248b4c}</UniqueIdentifier>
    </Filter>
    <Filter Include="Source Files\Queue">
      <UniqueIdentifier>{67331f8f-d322-4bc3-b6da-9b2a5e58c364}</UniqueIdentifier>
    </Filter>
    <Filter Include="Source Files\PriorityQueue">
      <UniqueIdentifier>{336f721f-bfc8-4657-8c57-7798f30011b5}</UniqueIdentifier>
    </Filter>
    <Filter Include="Source Files\Sort">
      <UniqueIdentifier>{beea0ec7-fc52-4c9b-9daa-5c58bd1bb54b}</UniqueIdentifier>
    </Filter>
  </ItemGroup>
  <ItemGroup>
    <ClCompile Include="pch.cpp">
      <Filter>Source Files</Filter>
    </ClCompile>
    <ClCompile Include="LinkedList_Test.cpp">
      <Filter>Source Files\List</Filter>
    </ClCompile>
    <ClCompile Include="ArrayList_Test.cpp">
      <Filter>Source Files\List</Filter>
    </ClCompile>
    <ClCompile Include="ArrayStack_Test.cpp">
      <Filter>Source Files\Stack</Filter>
    </ClCompile>
    <ClCompile Include="LinkedStack_Test.cpp">
      <Filter>Source Files\Stack</Filter>
    </ClCompile>
    <ClCompile Include="ArrayQueue_Test.cpp">
      <Filter>Source Files\Queue</Filter>
    </ClCompile>
    <ClCompile Include="LinkedQueue_Test.cpp">
      <Filter>Source Files\Queue</Filter>
    </ClCompile>
    <ClCompile Include="ArrayPriorityQueue_Test.cpp">
      <Filter>Source Files\PriorityQueue</Filter>
    </ClCompile>
    <ClCompile Include="HeapPriorityQueue_Test.cpp">
      <Filter>Source Files\PriorityQueue</Filter>
    </ClCompile>
    <ClCompile Include="LinkedPriorityQueue_Test.cpp">
      <Filter>Source Files\PriorityQueue</Filter>
    </ClCompile>
    <ClCompile Include="InsertionSort_Test.cpp">
      <Filter>Source Files\Sort</Filter>
    </ClCompile>
    <ClCompile Include="SelectionSort_Test.cpp">
      <Filter>Source Files\Sort</Filter>
    </ClCompile>
    <ClCompile Include="MergeSort_Test.cpp">
      <Filter>Source Files\Sort</Filter>
    </ClCompile>
    <ClCompile Include="QuickSort_Test.cpp">
      <Filter>Source Files\Sort</Filter>
    </ClCompile>
  </ItemGroup>
  <ItemGroup>
    <ClInclude Include="pch.h">
      <Filter>Header Files</Filter>
    </ClInclude>
  </ItemGroup>
</Project>